# THIS IS AN AUTOGENERATED FILE. DO NOT EDIT THIS FILE DIRECTLY.
# yarn lockfile v1


"@types/node@^22.10.1":
  version "22.10.1"
  resolved "https://registry.yarnpkg.com/@types/node/-/node-22.10.1.tgz#41ffeee127b8975a05f8c4f83fb89bcb2987d766"
  integrity sha512-qKgsUwfHZV2WCWLAnVP1JqnpE6Im6h3Y0+fYgMTasNQ7V++CBX5OT1as0g0f+OyubbFqhf6XVNIsmN4IIhEgGQ==
  dependencies:
    undici-types "~6.20.0"

libxml2-wasm@^0.4.1:
  version "0.4.1"
  resolved "https://registry.yarnpkg.com/libxml2-wasm/-/libxml2-wasm-0.4.1.tgz#6d4149e7c06cf17cc470b6a659c3d00639a3c241"
  integrity sha512-pci4oFTbf2ehBh28tKhfFA2Jgh/RqOzfzXgRAP3b0MoLDzKXFtftlEV6YBQjwIGvfEJZDfEglaKFOSmYJ4ZtbA==

typescript@^5.7.2:
  version "5.7.2"
  resolved "https://registry.yarnpkg.com/typescript/-/typescript-5.7.2.tgz#3169cf8c4c8a828cde53ba9ecb3d2b1d5dd67be6"
  integrity sha512-i5t66RHxDvVN40HfDd1PsEThGNnlMCMT3jMUuoh9/0TaqWevNontacunWyN02LA9/fIbEWlcHZcgTKb9QoaLfg==

undici-types@~6.20.0:
  version "6.20.0"
  resolved "https://registry.yarnpkg.com/undici-types/-/undici-types-6.20.0.tgz#8171bf22c1f588d1554d55bf204bc624af388433"
  integrity sha512-Ny6QZ2Nju20vw1SRHe3d9jVu6gJ+4e3+MMpqu7pqE5HT6WsTSlce++GQmK5UXS8mzV8DSYHrQH+Xrf2jVcuKNg==
