# THIS IS AN AUTOGENERATED FILE. DO NOT EDIT THIS FILE DIRECTLY.
# yarn lockfile v1


"@mapbox/node-pre-gyp@^1.0.9":
  version "1.0.9"
  resolved "https://registry.yarnpkg.com/@mapbox/node-pre-gyp/-/node-pre-gyp-1.0.9.tgz#09a8781a3a036151cdebbe8719d6f8b25d4058bc"
  dependencies:
    detect-libc "^2.0.0"
    https-proxy-agent "^5.0.0"
    make-dir "^3.1.0"
    node-fetch "^2.6.7"
    nopt "^5.0.0"
    npmlog "^5.0.1"
    rimraf "^3.0.2"
    semver "^7.3.5"
    tar "^6.1.11"

abbrev@1:
  version "1.1.1"
  resolved "https://registry.yarnpkg.com/abbrev/-/abbrev-1.1.1.tgz"

agent-base@6:
  version "6.0.2"
  resolved "https://registry.yarnpkg.com/agent-base/-/agent-base-6.0.2.tgz#49fff58577cfee3f37176feab4c22e00f86d7f77"
  dependencies:
    debug "4"

ansi-regex@^5.0.1:
  version "5.0.1"
  resolved "https://registry.yarnpkg.com/ansi-regex/-/ansi-regex-5.0.1.tgz#082cb2c89c9fe8659a311a53bd6a4dc5301db304"

"aproba@^1.0.3 || ^2.0.0":
  version "2.0.0"
  resolved "https://registry.yarnpkg.com/aproba/-/aproba-2.0.0.tgz#52520b8ae5b569215b354efc0caa3fe1e45a8adc"

are-we-there-yet@^2.0.0:
  version "2.0.0"
  resolved "https://registry.yarnpkg.com/are-we-there-yet/-/are-we-there-yet-2.0.0.tgz#372e0e7bd279d8e94c653aaa1f67200884bf3e1c"
  dependencies:
    delegates "^1.0.0"
    readable-stream "^3.6.0"

balanced-match@^1.0.0:
  version "1.0.2"
  resolved "https://registry.yarnpkg.com/balanced-match/-/balanced-match-1.0.2.tgz"

bindings@~1.3.0:
  version "1.3.1"
  resolved "https://registry.yarnpkg.com/bindings/-/bindings-1.3.1.tgz"

brace-expansion@^1.1.7:
  version "1.1.11"
  resolved "https://registry.yarnpkg.com/brace-expansion/-/brace-expansion-1.1.11.tgz"
  dependencies:
    balanced-match "^1.0.0"
    concat-map "0.0.1"

chownr@^2.0.0:
  version "2.0.0"
  resolved "https://registry.yarnpkg.com/chownr/-/chownr-2.0.0.tgz#15bfbe53d2eab4cf70f18a8cd68ebe5b3cb1dece"

color-support@^1.1.2:
  version "1.1.3"
  resolved "https://registry.yarnpkg.com/color-support/-/color-support-1.1.3.tgz#93834379a1cc9a0c61f82f52f0d04322251bd5a2"

concat-map@0.0.1:
  version "0.0.1"
  resolved "https://registry.yarnpkg.com/concat-map/-/concat-map-0.0.1.tgz"

console-control-strings@^1.0.0, console-control-strings@^1.1.0:
  version "1.1.0"
  resolved "https://registry.yarnpkg.com/console-control-strings/-/console-control-strings-1.1.0.tgz#3d7cf4464db6446ea644bf4b39507f9851008e8e"

debug@4:
  version "4.3.4"
  resolved "https://registry.yarnpkg.com/debug/-/debug-4.3.4.tgz#1319f6579357f2338d3337d2cdd4914bb5dcc865"
  dependencies:
    ms "2.1.2"

delegates@^1.0.0:
  version "1.0.0"
  resolved "https://registry.yarnpkg.com/delegates/-/delegates-1.0.0.tgz"

detect-libc@^2.0.0:
  version "2.0.1"
  resolved "https://registry.yarnpkg.com/detect-libc/-/detect-libc-2.0.1.tgz#e1897aa88fa6ad197862937fbc0441ef352ee0cd"

emoji-regex@^8.0.0:
  version "8.0.0"
  resolved "https://registry.yarnpkg.com/emoji-regex/-/emoji-regex-8.0.0.tgz#e818fd69ce5ccfcb404594f842963bf53164cc37"

fs-minipass@^2.0.0:
  version "2.1.0"
  resolved "https://registry.yarnpkg.com/fs-minipass/-/fs-minipass-2.1.0.tgz#7f5036fdbf12c63c169190cbe4199c852271f9fb"
  dependencies:
    minipass "^3.0.0"

fs.realpath@^1.0.0:
  version "1.0.0"
  resolved "https://registry.yarnpkg.com/fs.realpath/-/fs.realpath-1.0.0.tgz"

gauge@^3.0.0:
  version "3.0.2"
  resolved "https://registry.yarnpkg.com/gauge/-/gauge-3.0.2.tgz#03bf4441c044383908bcfa0656ad91803259b395"
  dependencies:
    aproba "^1.0.3 || ^2.0.0"
    color-support "^1.1.2"
    console-control-strings "^1.0.0"
    has-unicode "^2.0.1"
    object-assign "^4.1.1"
    signal-exit "^3.0.0"
    string-width "^4.2.3"
    strip-ansi "^6.0.1"
    wide-align "^1.1.2"

glob@^7.1.3:
  version "7.1.6"
  resolved "https://registry.yarnpkg.com/glob/-/glob-7.1.6.tgz"
  dependencies:
    fs.realpath "^1.0.0"
    inflight "^1.0.4"
    inherits "2"
    minimatch "^3.0.4"
    once "^1.3.0"
    path-is-absolute "^1.0.0"

has-unicode@^2.0.1:
  version "2.0.1"
  resolved "https://registry.yarnpkg.com/has-unicode/-/has-unicode-2.0.1.tgz#e0e6fe6a28cf51138855e086d1691e771de2a8b9"

https-proxy-agent@^5.0.0:
  version "5.0.1"
  resolved "https://registry.yarnpkg.com/https-proxy-agent/-/https-proxy-agent-5.0.1.tgz#c59ef224a04fe8b754f3db0063a25ea30d0005d6"
  dependencies:
    agent-base "6"
    debug "4"

inflight@^1.0.4:
  version "1.0.6"
  resolved "https://registry.yarnpkg.com/inflight/-/inflight-1.0.6.tgz"
  dependencies:
    once "^1.3.0"
    wrappy "1"

inherits@2, inherits@^2.0.3:
  version "2.0.4"
  resolved "https://registry.yarnpkg.com/inherits/-/inherits-2.0.4.tgz"

is-fullwidth-code-point@^3.0.0:
  version "3.0.0"
  resolved "https://registry.yarnpkg.com/is-fullwidth-code-point/-/is-fullwidth-code-point-3.0.0.tgz#f116f8064fe90b3f7844a38997c0b75051269f1d"

libxmljs@^0.19.8:
  version "0.19.8"
  resolved "https://registry.yarnpkg.com/libxmljs/-/libxmljs-0.19.8.tgz#a009279e7c9f2bde154c03f1fea0e1fb0834fdbf"
  dependencies:
    "@mapbox/node-pre-gyp" "^1.0.9"
    bindings "~1.3.0"
    nan "~2.14.0"

lru-cache@^6.0.0:
  version "6.0.0"
  resolved "https://registry.yarnpkg.com/lru-cache/-/lru-cache-6.0.0.tgz#6d6fe6570ebd96aaf90fcad1dafa3b2566db3a94"
  dependencies:
    yallist "^4.0.0"

make-dir@^3.1.0:
  version "3.1.0"
  resolved "https://registry.yarnpkg.com/make-dir/-/make-dir-3.1.0.tgz#415e967046b3a7f1d185277d84aa58203726a13f"
  dependencies:
    semver "^6.0.0"

minimatch@^3.0.4:
  version "3.0.4"
  resolved "https://registry.yarnpkg.com/minimatch/-/minimatch-3.0.4.tgz"
  dependencies:
    brace-expansion "^1.1.7"

minipass@^3.0.0:
  version "3.3.4"
  resolved "https://registry.yarnpkg.com/minipass/-/minipass-3.3.4.tgz#ca99f95dd77c43c7a76bf51e6d200025eee0ffae"
  dependencies:
    yallist "^4.0.0"

minizlib@^2.1.1:
  version "2.1.2"
  resolved "https://registry.yarnpkg.com/minizlib/-/minizlib-2.1.2.tgz#e90d3466ba209b932451508a11ce3d3632145931"
  dependencies:
    minipass "^3.0.0"
    yallist "^4.0.0"

mkdirp@^1.0.3:
  version "1.0.4"
  resolved "https://registry.yarnpkg.com/mkdirp/-/mkdirp-1.0.4.tgz#3eb5ed62622756d79a5f0e2a221dfebad75c2f7e"

ms@2.1.2:
  version "2.1.2"
  resolved "https://registry.yarnpkg.com/ms/-/ms-2.1.2.tgz#d09d1f357b443f493382a8eb3ccd183872ae6009"

nan@~2.14.0:
  version "2.14.2"
  resolved "https://registry.yarnpkg.com/nan/-/nan-2.14.2.tgz"

node-fetch@^2.6.7:
  version "2.6.7"
  resolved "https://registry.yarnpkg.com/node-fetch/-/node-fetch-2.6.7.tgz#24de9fba827e3b4ae44dc8b20256a379160052ad"
  dependencies:
    whatwg-url "^5.0.0"

nopt@^5.0.0:
  version "5.0.0"
  resolved "https://registry.yarnpkg.com/nopt/-/nopt-5.0.0.tgz#530942bb58a512fccafe53fe210f13a25355dc88"
  dependencies:
    abbrev "1"

npmlog@^5.0.1:
  version "5.0.1"
  resolved "https://registry.yarnpkg.com/npmlog/-/npmlog-5.0.1.tgz#f06678e80e29419ad67ab964e0fa69959c1eb8b0"
  dependencies:
    are-we-there-yet "^2.0.0"
    console-control-strings "^1.1.0"
    gauge "^3.0.0"
    set-blocking "^2.0.0"

object-assign@^4.1.1:
  version "4.1.1"
  resolved "https://registry.yarnpkg.com/object-assign/-/object-assign-4.1.1.tgz#2109adc7965887cfc05cbbd442cac8bfbb360863"

once@^1.3.0:
  version "1.4.0"
  resolved "https://registry.yarnpkg.com/once/-/once-1.4.0.tgz"
  dependencies:
    wrappy "1"

path-is-absolute@^1.0.0:
  version "1.0.1"
  resolved "https://registry.yarnpkg.com/path-is-absolute/-/path-is-absolute-1.0.1.tgz"

readable-stream@^3.6.0:
  version "3.6.0"
  resolved "https://registry.yarnpkg.com/readable-stream/-/readable-stream-3.6.0.tgz#337bbda3adc0706bd3e024426a286d4b4b2c9198"
  dependencies:
    inherits "^2.0.3"
    string_decoder "^1.1.1"
    util-deprecate "^1.0.1"

rimraf@^3.0.2:
  version "3.0.2"
  resolved "https://registry.yarnpkg.com/rimraf/-/rimraf-3.0.2.tgz#f1a5402ba6220ad52cc1282bac1ae3aa49fd061a"
  dependencies:
    glob "^7.1.3"

safe-buffer@~5.2.0:
  version "5.2.1"
  resolved "https://registry.yarnpkg.com/safe-buffer/-/safe-buffer-5.2.1.tgz#1eaf9fa9bdb1fdd4ec75f58f9cdb4e6b7827eec6"

semver@^6.0.0:
  version "6.3.0"
  resolved "https://registry.yarnpkg.com/semver/-/semver-6.3.0.tgz#ee0a64c8af5e8ceea67687b133761e1becbd1d3d"

semver@^7.3.5:
  version "7.3.7"
  resolved "https://registry.yarnpkg.com/semver/-/semver-7.3.7.tgz#12c5b649afdbf9049707796e22a4028814ce523f"
  dependencies:
    lru-cache "^6.0.0"

set-blocking@^2.0.0:
  version "2.0.0"
  resolved "https://registry.yarnpkg.com/set-blocking/-/set-blocking-2.0.0.tgz#045f9782d011ae9a6803ddd382b24392b3d890f7"

signal-exit@^3.0.0:
  version "3.0.3"
  resolved "https://registry.yarnpkg.com/signal-exit/-/signal-exit-3.0.3.tgz"

"string-width@^1.0.2 || 2 || 3 || 4", string-width@^4.2.3:
  version "4.2.3"
  resolved "https://registry.yarnpkg.com/string-width/-/string-width-4.2.3.tgz#269c7117d27b05ad2e536830a8ec895ef9c6d010"
  dependencies:
    emoji-regex "^8.0.0"
    is-fullwidth-code-point "^3.0.0"
    strip-ansi "^6.0.1"

string_decoder@^1.1.1:
  version "1.3.0"
  resolved "https://registry.yarnpkg.com/string_decoder/-/string_decoder-1.3.0.tgz#42f114594a46cf1a8e30b0a84f56c78c3edac21e"
  dependencies:
    safe-buffer "~5.2.0"

strip-ansi@^6.0.1:
  version "6.0.1"
  resolved "https://registry.yarnpkg.com/strip-ansi/-/strip-ansi-6.0.1.tgz#9e26c63d30f53443e9489495b2105d37b67a85d9"
  dependencies:
    ansi-regex "^5.0.1"

tar@^6.1.11:
  version "6.1.11"
  resolved "https://registry.yarnpkg.com/tar/-/tar-6.1.11.tgz#6760a38f003afa1b2ffd0ffe9e9abbd0eab3d621"
  dependencies:
    chownr "^2.0.0"
    fs-minipass "^2.0.0"
    minipass "^3.0.0"
    minizlib "^2.1.1"
    mkdirp "^1.0.3"
    yallist "^4.0.0"

tr46@~0.0.3:
  version "0.0.3"
  resolved "https://registry.yarnpkg.com/tr46/-/tr46-0.0.3.tgz#8184fd347dac9cdc185992f3a6622e14b9d9ab6a"

util-deprecate@^1.0.1:
  version "1.0.2"
  resolved "https://registry.yarnpkg.com/util-deprecate/-/util-deprecate-1.0.2.tgz#450d4dc9fa70de732762fbd2d4a28981419a0ccf"

webidl-conversions@^3.0.0:
  version "3.0.1"
  resolved "https://registry.yarnpkg.com/webidl-conversions/-/webidl-conversions-3.0.1.tgz#24534275e2a7bc6be7bc86611cc16ae0a5654871"

whatwg-url@^5.0.0:
  version "5.0.0"
  resolved "https://registry.yarnpkg.com/whatwg-url/-/whatwg-url-5.0.0.tgz#966454e8765462e37644d3626f6742ce8b70965d"
  dependencies:
    tr46 "~0.0.3"
    webidl-conversions "^3.0.0"

wide-align@^1.1.2:
  version "1.1.5"
  resolved "https://registry.yarnpkg.com/wide-align/-/wide-align-1.1.5.tgz#df1d4c206854369ecf3c9a4898f1b23fbd9d15d3"
  dependencies:
    string-width "^1.0.2 || 2 || 3 || 4"

wrappy@1:
  version "1.0.2"
  resolved "https://registry.yarnpkg.com/wrappy/-/wrappy-1.0.2.tgz"

yallist@^4.0.0:
  version "4.0.0"
  resolved "https://registry.yarnpkg.com/yallist/-/yallist-4.0.0.tgz#9bb92790d9c0effec63be73519e11a35019a3a72"
